
Microsoft Visual Studio Solution File, Format Version 12.00
# Visual Studio 2012
Project("{FAE04EC0-301F-11D3-BF4B-00C04F79EFBC}") = "ProtoServer", "ProtoServer\ProtoServer.csproj", "{E507D61B-CFDC-4BB0-A235-AD520236E2A2}"
EndProject
Project("{FAE04EC0-301F-11D3-BF4B-00C04F79EFBC}") = "ProtoShared", "ProtoShared\ProtoShared.csproj", "{302B21BA-23DE-4C6B-AC83-101BAF243538}"
EndProject
Project("{FAE04EC0-301F-11D3-BF4B-00C04F79EFBC}") = "jpegresizer", "jpegresizer\jpegresizer.csproj", "{7A4B7F34-DD21-41EA-AAF2-C1A7EB9863BD}"
EndProject
Global
	GlobalSection(SolutionConfigurationPlatforms) = preSolution
		Debug|Any CPU = Debug|Any CPU
		Release|Any CPU = Release|Any CPU
	EndGlobalSection
	GlobalSection(ProjectConfigurationPlatforms) = postSolution
		{E507D61B-CFDC-4BB0-A235-AD520236E2A2}.Debug|Any CPU.ActiveCfg = Debug|Any CPU
		{E507D61B-CFDC-4BB0-A235-AD520236E2A2}.Debug|Any CPU.Build.0 = Debug|Any CPU
		{E507D61B-CFDC-4BB0-A235-AD520236E2A2}.Release|Any CPU.ActiveCfg = Release|Any CPU
		{E507D61B-CFDC-4BB0-A235-AD520236E2A2}.Release|Any CPU.Build.0 = Release|Any CPU
		{302B21BA-23DE-4C6B-AC83-101BAF243538}.Debug|Any CPU.ActiveCfg = Debug|Any CPU
		{302B21BA-23DE-4C6B-AC83-101BAF243538}.Debug|Any CPU.Build.0 = Debug|Any CPU
		{302B21BA-23DE-4C6B-AC83-101BAF243538}.Release|Any CPU.ActiveCfg = Release|Any CPU
		{302B21BA-23DE-4C6B-AC83-101BAF243538}.Release|Any CPU.Build.0 = Release|Any CPU
		{7A4B7F34-DD21-41EA-AAF2-C1A7EB9863BD}.Debug|Any CPU.ActiveCfg = Debug|Any CPU
		{7A4B7F34-DD21-41EA-AAF2-C1A7EB9863BD}.Debug|Any CPU.Build.0 = Debug|Any CPU
		{7A4B7F34-DD21-41EA-AAF2-C1A7EB9863BD}.Release|Any CPU.ActiveCfg = Release|Any CPU
		{7A4B7F34-DD21-41EA-AAF2-C1A7EB9863BD}.Release|Any CPU.Build.0 = Release|Any CPU
	EndGlobalSection
	GlobalSection(SolutionProperties) = preSolution
		HideSolutionNode = FALSE
	EndGlobalSection
EndGlobal
